dependencies:
- name: identity
  repository: ""
  version: 9.0.2
- name: elasticsearch
  repository: oci://registry-1.docker.io/bitnamicharts
  version: 19.13.15
- name: postgresql
  repository: https://charts.bitnami.com/bitnami
  version: 11.9.13
- name: common
  repository: https://charts.bitnami.com/bitnami
  version: 2.14.1
digest: sha256:8d69bd06277540206b433c522cb3949f58edc00f223ef08bbdd463ec4d6b6d91
generated: "2024-01-10T20:15:41.825360927Z"
